
Microsoft Visual Studio Solution File, Format Version 12.00
# Visual Studio Version 17
VisualStudioVersion = 17.9.34728.123
MinimumVisualStudioVersion = 10.0.40219.1
Project("{FAE04EC0-301F-11D3-BF4B-00C04F79EFBC}") = "MoodUserApi", "MoodUserApi.csproj", "{D7DC1670-949D-45C6-94BB-B9F047F49E90}"
EndProject
Global
	GlobalSection(SolutionConfigurationPlatforms) = preSolution
		Debug|Any CPU = Debug|Any CPU
		Release|Any CPU = Release|Any CPU
	EndGlobalSection
	GlobalSection(ProjectConfigurationPlatforms) = postSolution
		{D7DC1670-949D-45C6-94BB-B9F047F49E90}.Debug|Any CPU.ActiveCfg = Debug|Any CPU
		{D7DC1670-949D-45C6-94BB-B9F047F49E90}.Debug|Any CPU.Build.0 = Debug|Any CPU
		{D7DC1670-949D-45C6-94BB-B9F047F49E90}.Release|Any CPU.ActiveCfg = Release|Any CPU
		{D7DC1670-949D-45C6-94BB-B9F047F49E90}.Release|Any CPU.Build.0 = Release|Any CPU
	EndGlobalSection
	GlobalSection(SolutionProperties) = preSolution
		HideSolutionNode = FALSE
	EndGlobalSection
	GlobalSection(ExtensibilityGlobals) = postSolution
		SolutionGuid = {D36945AF-425A-4F57-B39C-7679F552C9CF}
	EndGlobalSection
EndGlobal
